// !$*UTF8*$!
{
	archiveVersion = 1;
	classes = {
	};
	objectVersion = 50;
	objects = {

/* Begin PBXBuildFile section */
		4404A15B2183640C00672D85 /* AppDelegate.swift in Sources */ = {isa = PBXBuildFile; fileRef = 4404A15A2183640C00672D85 /* AppDelegate.swift */; };
		4404A1602183640C00672D85 /* Main.storyboard in Resources */ = {isa = PBXBuildFile; fileRef = 4404A15E2183640C00672D85 /* Main.storyboard */; };
		4404A1622183640E00672D85 /* Assets.xcassets in Resources */ = {isa = PBXBuildFile; fileRef = 4404A1612183640E00672D85 /* Assets.xcassets */; };
		4404A1652183640E00672D85 /* LaunchScreen.storyboard in Resources */ = {isa = PBXBuildFile; fileRef = 4404A1632183640E00672D85 /* LaunchScreen.storyboard */; };
		4404A16D21836C0300672D85 /* PokedexTableViewController.swift in Sources */ = {isa = PBXBuildFile; fileRef = 4404A16C21836C0300672D85 /* PokedexTableViewController.swift */; };
		4404A16F21836C8200672D85 /* DetailViewController.swift in Sources */ = {isa = PBXBuildFile; fileRef = 4404A16E21836C8200672D85 /* DetailViewController.swift */; };
		4404A17121836E2B00672D85 /* ImageLoader.swift in Sources */ = {isa = PBXBuildFile; fileRef = 4404A17021836E2B00672D85 /* ImageLoader.swift */; };
		4404A1732183704F00672D85 /* Model.swift in Sources */ = {isa = PBXBuildFile; fileRef = 4404A1722183704F00672D85 /* Model.swift */; };
		4404A175218370A600672D85 /* PokedexController.swift in Sources */ = {isa = PBXBuildFile; fileRef = 4404A174218370A600672D85 /* PokedexController.swift */; };
		4404A1772183814100672D85 /* ImageCellTableViewCell.swift in Sources */ = {isa = PBXBuildFile; fileRef = 4404A1762183814100672D85 /* ImageCellTableViewCell.swift */; };
		4404A179218424C700672D85 /* Fetcher.swift in Sources */ = {isa = PBXBuildFile; fileRef = 4404A178218424C700672D85 /* Fetcher.swift */; };
/* End PBXBuildFile section */

/* Begin PBXFileReference section */
		4404A1572183640C00672D85 /* Pokemon.app */ = {isa = PBXFileReference; explicitFileType = wrapper.application; includeInIndex = 0; path = Pokemon.app; sourceTree = BUILT_PRODUCTS_DIR; };
		4404A15A2183640C00672D85 /* AppDelegate.swift */ = {isa = PBXFileReference; lastKnownFileType = sourcecode.swift; path = AppDelegate.swift; sourceTree = "<group>"; };
		4404A15F2183640C00672D85 /* Base */ = {isa = PBXFileReference; lastKnownFileType = file.storyboard; name = Base; path = Base.lproj/Main.storyboard; sourceTree = "<group>"; };
		4404A1612183640E00672D85 /* Assets.xcassets */ = {isa = PBXFileReference; lastKnownFileType = folder.assetcatalog; path = Assets.xcassets; sourceTree = "<group>"; };
		4404A1642183640E00672D85 /* Base */ = {isa = PBXFileReference; lastKnownFileType = file.storyboard; name = Base; path = Base.lproj/LaunchScreen.storyboard; sourceTree = "<group>"; };
		4404A1662183640E00672D85 /* Info.plist */ = {isa = PBXFileReference; lastKnownFileType = text.plist.xml; path = Info.plist; sourceTree = "<group>"; };
		4404A16C21836C0300672D85 /* PokedexTableViewController.swift */ = {isa = PBXFileReference; lastKnownFileType = sourcecode.swift; path = PokedexTableViewController.swift; sourceTree = "<group>"; };
		4404A16E21836C8200672D85 /* DetailViewController.swift */ = {isa = PBXFileReference; lastKnownFileType = sourcecode.swift; path = DetailViewController.swift; sourceTree = "<group>"; };
		4404A17021836E2B00672D85 /* ImageLoader.swift */ = {isa = PBXFileReference; lastKnownFileType = sourcecode.swift; path = ImageLoader.swift; sourceTree = "<group>"; };
		4404A1722183704F00672D85 /* Model.swift */ = {isa = PBXFileReference; lastKnownFileType = sourcecode.swift; path = Model.swift; sourceTree = "<group>"; };
		4404A174218370A600672D85 /* PokedexController.swift */ = {isa = PBXFileReference; lastKnownFileType = sourcecode.swift; path = PokedexController.swift; sourceTree = "<group>"; };
		4404A1762183814100672D85 /* ImageCellTableViewCell.swift */ = {isa = PBXFileReference; lastKnownFileType = sourcecode.swift; path = ImageCellTableViewCell.swift; sourceTree = "<group>"; };
		4404A178218424C700672D85 /* Fetcher.swift */ = {isa = PBXFileReference; lastKnownFileType = sourcecode.swift; path = Fetcher.swift; sourceTree = "<group>"; };
/* End PBXFileReference section */

/* Begin PBXFrameworksBuildPhase section */
		4404A1542183640C00672D85 /* Frameworks */ = {
			isa = PBXFrameworksBuildPhase;
			buildActionMask = 2147483647;
			files = (
			);
			runOnlyForDeploymentPostprocessing = 0;
		};
/* End PBXFrameworksBuildPhase section */

/* Begin PBXGroup section */
		4404A14E2183640C00672D85 = {
			isa = PBXGroup;
			children = (
				4404A1592183640C00672D85 /* Pokemon */,
				4404A1582183640C00672D85 /* Products */,
			);
			sourceTree = "<group>";
		};
		4404A1582183640C00672D85 /* Products */ = {
			isa = PBXGroup;
			children = (
				4404A1572183640C00672D85 /* Pokemon.app */,
			);
			name = Products;
			sourceTree = "<group>";
		};
		4404A1592183640C00672D85 /* Pokemon */ = {
			isa = PBXGroup;
			children = (
				4404A16C21836C0300672D85 /* PokedexTableViewController.swift */,
				4404A1762183814100672D85 /* ImageCellTableViewCell.swift */,
				4404A15A2183640C00672D85 /* AppDelegate.swift */,
				4404A15E2183640C00672D85 /* Main.storyboard */,
				4404A17021836E2B00672D85 /* ImageLoader.swift */,
				4404A16E21836C8200672D85 /* DetailViewController.swift */,
				4404A174218370A600672D85 /* PokedexController.swift */,
				4404A1722183704F00672D85 /* Model.swift */,
				4404A1612183640E00672D85 /* Assets.xcassets */,
				4404A1632183640E00672D85 /* LaunchScreen.storyboard */,
				4404A1662183640E00672D85 /* Info.plist */,
				4404A178218424C700672D85 /* Fetcher.swift */,
			);
			path = Pokemon;
			sourceTree = "<group>";
		};
/* End PBXGroup section */

/* Begin PBXNativeTarget section */
		4404A1562183640C00672D85 /* Pokemon */ = {
			isa = PBXNativeTarget;
			buildConfigurationList = 4404A1692183640E00672D85 /* Build configuration list for PBXNativeTarget "Pokemon" */;
			buildPhases = (
				4404A1532183640C00672D85 /* Sources */,
				4404A1542183640C00672D85 /* Frameworks */,
				4404A1552183640C00672D85 /* Resources */,
			);
			buildRules = (
			);
			dependencies = (
			);
			name = Pokemon;
			productName = Pokemon;
			productReference = 4404A1572183640C00672D85 /* Pokemon.app */;
			productType = "com.apple.product-type.application";
		};
/* End PBXNativeTarget section */

/* Begin PBXProject section */
		4404A14F2183640C00672D85 /* Project object */ = {
			isa = PBXProject;
			attributes = {
				LastSwiftUpdateCheck = 1000;
				LastUpgradeCheck = 1000;
				ORGANIZATIONNAME = "Yvette Zhukovsky";
				TargetAttributes = {
					4404A1562183640C00672D85 = {
						CreatedOnToolsVersion = 10.0;
					};
				};
			};
			buildConfigurationList = 4404A1522183640C00672D85 /* Build configuration list for PBXProject "Pokemon" */;
			compatibilityVersion = "Xcode 9.3";
			developmentRegion = en;
			hasScannedForEncodings = 0;
			knownRegions = (
				en,
				Base,
			);
			mainGroup = 4404A14E2183640C00672D85;
			productRefGroup = 4404A1582183640C00672D85 /* Products */;
			projectDirPath = "";
			projectRoot = "";
			targets = (
				4404A1562183640C00672D85 /* Pokemon */,
			);
		};
/* End PBXProject section */

/* Begin PBXResourcesBuildPhase section */
		4404A1552183640C00672D85 /* Resources */ = {
			isa = PBXResourcesBuildPhase;
			buildActionMask = 2147483647;
			files = (
				4404A1652183640E00672D85 /* LaunchScreen.storyboard in Resources */,
				4404A1622183640E00672D85 /* Assets.xcassets in Resources */,
				4404A1602183640C00672D85 /* Main.storyboard in Resources */,
			);
			runOnlyForDeploymentPostprocessing = 0;
		};
/* End PBXResourcesBuildPhase section */

/* Begin PBXSourcesBuildPhase section */
		4404A1532183640C00672D85 /* Sources */ = {
			isa = PBXSourcesBuildPhase;
			buildActionMask = 2147483647;
			files = (
				4404A175218370A600672D85 /* PokedexController.swift in Sources */,
				4404A179218424C700672D85 /* Fetcher.swift in Sources */,
				4404A1772183814100672D85 /* ImageCellTableViewCell.swift in Sources */,
				4404A1732183704F00672D85 /* Model.swift in Sources */,
				4404A16F21836C8200672D85 /* DetailViewController.swift in Sources */,
				4404A16D21836C0300672D85 /* PokedexTableViewController.swift in Sources */,
				4404A17121836E2B00672D85 /* ImageLoader.swift in Sources */,
				4404A15B2183640C00672D85 /* AppDelegate.swift in Sources */,
			);
			runOnlyForDeploymentPostprocessing = 0;
		};
/* End PBXSourcesBuildPhase section */

/* Begin PBXVariantGroup section */
		4404A15E2183640C00672D85 /* Main.storyboard */ = {
			isa = PBXVariantGroup;
			children = (
				4404A15F2183640C00672D85 /* Base */,
			);
			name = Main.storyboard;
			sourceTree = "<group>";
		};
		4404A1632183640E00672D85 /* LaunchScreen.storyboard */ = {
			isa = PBXVariantGroup;
			children = (
				4404A1642183640E00672D85 /* Base */,
			);
			name = LaunchScreen.storyboard;
			sourceTree = "<group>";
		};
/* End PBXVariantGroup section */

/* Begin XCBuildConfiguration section */
		4404A1672183640E00672D85 /* Debug */ = {
			isa = XCBuildConfiguration;
			buildSettings = {
				ALWAYS_SEARCH_USER_PATHS = NO;
				CLANG_ANALYZER_NONNULL = YES;
				CLANG_ANALYZER_NUMBER_OBJECT_CONVERSION = YES_AGGRESSIVE;
				CLANG_CXX_LANGUAGE_STANDARD = "gnu++14";
				CLANG_CXX_LIBRARY = "libc++";
				CLANG_ENABLE_MODULES = YES;
				CLANG_ENABLE_OBJC_ARC = YES;
				CLANG_ENABLE_OBJC_WEAK = YES;
				CLANG_WARN_BLOCK_CAPTURE_AUTORELEASING = YES;
				CLANG_WARN_BOOL_CONVERSION = YES;
				CLANG_WARN_COMMA = YES;
				CLANG_WARN_CONSTANT_CONVERSION = YES;
				CLANG_WARN_DEPRECATED_OBJC_IMPLEMENTATIONS = YES;
				CLANG_WARN_DIRECT_OBJC_ISA_USAGE = YES_ERROR;
				CLANG_WARN_DOCUMENTATION_COMMENTS = YES;
				CLANG_WARN_EMPTY_BODY = YES;
				CLANG_WARN_ENUM_CONVERSION = YES;
				CLANG_WARN_INFINITE_RECURSION = YES;
				CLANG_WARN_INT_CONVERSION = YES;
				CLANG_WARN_NON_LITERAL_NULL_CONVERSION = YES;
				CLANG_WARN_OBJC_IMPLICIT_RETAIN_SELF = YES;
				CLANG_WARN_OBJC_LITERAL_CONVERSION = YES;
				CLANG_WARN_OBJC_ROOT_CLASS = YES_ERROR;
				CLANG_WARN_RANGE_LOOP_ANALYSIS = YES;
				CLANG_WARN_STRICT_PROTOTYPES = YES;
				CLANG_WARN_SUSPICIOUS_MOVE = YES;
				CLANG_WARN_UNGUARDED_AVAILABILITY = YES_AGGRESSIVE;
				CLANG_WARN_UNREACHABLE_CODE = YES;
				CLANG_WARN__DUPLICATE_METHOD_MATCH = YES;
				CODE_SIGN_IDENTITY = "iPhone Developer";
				COPY_PHASE_STRIP = NO;
				DEBUG_INFORMATION_FORMAT = dwarf;
				ENABLE_STRICT_OBJC_MSGSEND = YES;
				ENABLE_TESTABILITY = YES;
				GCC_C_LANGUAGE_STANDARD = gnu11;
				GCC_DYNAMIC_NO_PIC = NO;
				GCC_NO_COMMON_BLOCKS = YES;
				GCC_OPTIMIZATION_LEVEL = 0;
				GCC_PREPROCESSOR_DEFINITIONS = (
					"DEBUG=1",
					"$(inherited)",
				);
				GCC_WARN_64_TO_32_BIT_CONVERSION = YES;
				GCC_WARN_ABOUT_RETURN_TYPE = YES_ERROR;
				GCC_WARN_UNDECLARED_SELECTOR = YES;
				GCC_WARN_UNINITIALIZED_AUTOS = YES_AGGRESSIVE;
				GCC_WARN_UNUSED_FUNCTION = YES;
				GCC_WARN_UNUSED_VARIABLE = YES;
				IPHONEOS_DEPLOYMENT_TARGET = 12.0;
				MTL_ENABLE_DEBUG_INFO = INCLUDE_SOURCE;
				MTL_FAST_MATH = YES;
				ONLY_ACTIVE_ARCH = YES;
				SDKROOT = iphoneos;
				SWIFT_ACTIVE_COMPILATION_CONDITIONS = DEBUG;
				SWIFT_OPTIMIZATION_LEVEL = "-Onone";
			};
			name = Debug;
		};
		4404A1682183640E00672D85 /* Release */ = {
			isa = XCBuildConfiguration;
			buildSettings = {
				ALWAYS_SEARCH_USER_PATHS = NO;
				CLANG_ANALYZER_NONNULL = YES;
				CLANG_ANALYZER_NUMBER_OBJECT_CONVERSION = YES_AGGRESSIVE;
				CLANG_CXX_LANGUAGE_STANDARD = "gnu++14";
				CLANG_CXX_LIBRARY = "libc++";
				CLANG_ENABLE_MODULES = YES;
				CLANG_ENABLE_OBJC_ARC = YES;
				CLANG_ENABLE_OBJC_WEAK = YES;
				CLANG_WARN_BLOCK_CAPTURE_AUTORELEASING = YES;
				CLANG_WARN_BOOL_CONVERSION = YES;
				CLANG_WARN_COMMA = YES;
				CLANG_WARN_CONSTANT_CONVERSION = YES;
				CLANG_WARN_DEPRECATED_OBJC_IMPLEMENTATIONS = YES;
				CLANG_WARN_DIRECT_OBJC_ISA_USAGE = YES_ERROR;
				CLANG_WARN_DOCUMENTATION_COMMENTS = YES;
				CLANG_WARN_EMPTY_BODY = YES;
				CLANG_WARN_ENUM_CONVERSION = YES;
				CLANG_WARN_INFINITE_RECURSION = YES;
				CLANG_WARN_INT_CONVERSION = YES;
				CLANG_WARN_NON_LITERAL_NULL_CONVERSION = YES;
				CLANG_WARN_OBJC_IMPLICIT_RETAIN_SELF = YES;
				CLANG_WARN_OBJC_LITERAL_CONVERSION = YES;
				CLANG_WARN_OBJC_ROOT_CLASS = YES_ERROR;
				CLANG_WARN_RANGE_LOOP_ANALYSIS = YES;
				CLANG_WARN_STRICT_PROTOTYPES = YES;
				CLANG_WARN_SUSPICIOUS_MOVE = YES;
				CLANG_WARN_UNGUARDED_AVAILABILITY = YES_AGGRESSIVE;
				CLANG_WARN_UNREACHABLE_CODE = YES;
				CLANG_WARN__DUPLICATE_METHOD_MATCH = YES;
				CODE_SIGN_IDENTITY = "iPhone Developer";
				COPY_PHASE_STRIP = NO;
				DEBUG_INFORMATION_FORMAT = "dwarf-with-dsym";
				ENABLE_NS_ASSERTIONS = NO;
				ENABLE_STRICT_OBJC_MSGSEND = YES;
				GCC_C_LANGUAGE_STANDARD = gnu11;
				GCC_NO_COMMON_BLOCKS = YES;
				GCC_WARN_64_TO_32_BIT_CONVERSION = YES;
				GCC_WARN_ABOUT_RETURN_TYPE = YES_ERROR;
				GCC_WARN_UNDECLARED_SELECTOR = YES;
				GCC_WARN_UNINITIALIZED_AUTOS = YES_AGGRESSIVE;
				GCC_WARN_UNUSED_FUNCTION = YES;
				GCC_WARN_UNUSED_VARIABLE = YES;
				IPHONEOS_DEPLOYMENT_TARGET = 12.0;
				MTL_ENABLE_DEBUG_INFO = NO;
				MTL_FAST_MATH = YES;
				SDKROOT = iphoneos;
				SWIFT_COMPILATION_MODE = wholemodule;
				SWIFT_OPTIMIZATION_LEVEL = "-O";
				VALIDATE_PRODUCT = YES;
			};
			name = Release;
		};
		4404A16A2183640E00672D85 /* Debug */ = {
			isa = XCBuildConfiguration;
			buildSettings = {
				ASSETCATALOG_COMPILER_APPICON_NAME = AppIcon;
				CODE_SIGN_STYLE = Automatic;
				DEVELOPMENT_TEAM = NH6AR4LY3J;
				INFOPLIST_FILE = Pokemon/Info.plist;
				LD_RUNPATH_SEARCH_PATHS = (
					"$(inherited)",
					"@executable_path/Frameworks",
				);
				PRODUCT_BUNDLE_IDENTIFIER = LambdaSchool.Pokemon;
				PRODUCT_NAME = "$(TARGET_NAME)";
				SWIFT_VERSION = 4.2;
				TARGETED_DEVICE_FAMILY = "1,2";
			};
			name = Debug;
		};
		4404A16B2183640E00672D85 /* Release */ = {
			isa = XCBuildConfiguration;
			buildSettings = {
				ASSETCATALOG_COMPILER_APPICON_NAME = AppIcon;
				CODE_SIGN_STYLE = Automatic;
				DEVELOPMENT_TEAM = NH6AR4LY3J;
				INFOPLIST_FILE = Pokemon/Info.plist;
				LD_RUNPATH_SEARCH_PATHS = (
					"$(inherited)",
					"@executable_path/Frameworks",
				);
				PRODUCT_BUNDLE_IDENTIFIER = LambdaSchool.Pokemon;
				PRODUCT_NAME = "$(TARGET_NAME)";
				SWIFT_VERSION = 4.2;
				TARGETED_DEVICE_FAMILY = "1,2";
			};
			name = Release;
		};
/* End XCBuildConfiguration section */

/* Begin XCConfigurationList section */
		4404A1522183640C00672D85 /* Build configuration list for PBXProject "Pokemon" */ = {
			isa = XCConfigurationList;
			buildConfigurations = (
				4404A1672183640E00672D85 /* Debug */,
				4404A1682183640E00672D85 /* Release */,
			);
			defaultConfigurationIsVisible = 0;
			defaultConfigurationName = Release;
		};
		4404A1692183640E00672D85 /* Build configuration list for PBXNativeTarget "Pokemon" */ = {
			isa = XCConfigurationList;
			buildConfigurations = (
				4404A16A2183640E00672D85 /* Debug */,
				4404A16B2183640E00672D85 /* Release */,
			);
			defaultConfigurationIsVisible = 0;
			defaultConfigurationName = Release;
		};
/* End XCConfigurationList section */
	};
	rootObject = 4404A14F2183640C00672D85 /* Project object */;
}
